# THIS IS AN AUTOGENERATED FILE. DO NOT EDIT THIS FILE DIRECTLY.
# yarn lockfile v1


overwolf-games-features@^1.1.1:
  version "1.2.0"
  resolved "https://registry.yarnpkg.com/overwolf-games-features/-/overwolf-games-features-1.2.0.tgz#5482411b8ef40cdd6a47ed072153e645edafc294"
  integrity sha512-HCyinNeifniGl1tobmolUbqp0vvg/U4v+eVrAEM+JQhVty5vhWssRMMvm3s8V91jGVjsdFTTeoqmMdX6amIjiw==
